<?xml version="1.0" encoding="utf-8"?>
<Project ToolsVersion="4.0" xmlns="http://schemas.microsoft.com/developer/msbuild/2003">
  <ItemGroup>
    <Filter Include="Source Files">
      <UniqueIdentifier>{4FC737F1-C7A5-4376-A066-2A32D752A2FF}</UniqueIdentifier>
      <Extensions>cpp;c;cc;cxx;def;odl;idl;hpj;bat;asm;asmx</Extensions>
    </Filter>
    <Filter Include="Header Files">
      <UniqueIdentifier>{93995380-89BD-4b04-88EB-625FBE52EBFB}</UniqueIdentifier>
      <Extensions>h;hh;hpp;hxx;hm;inl;inc;xsd</Extensions>
    </Filter>
    <Filter Include="Resource Files">
      <UniqueIdentifier>{D9D6E242-F8AF-46E4-B9FD-80ECBC20BA3E}</UniqueIdentifier>
      <Extensions>qrc;*</Extensions>
      <ParseFiles>false</ParseFiles>
    </Filter>
    <Filter Include="Form Files">
      <UniqueIdentifier>{99349809-55BA-4b9d-BF79-8FDBB0286EB3}</UniqueIdentifier>
      <Extensions>ui</Extensions>
    </Filter>
    <Filter Include="Resource Files">
      <UniqueIdentifier>{D9D6E242-F8AF-46E4-B9FD-80ECBC20BA3E}</UniqueIdentifier>
      <Extensions>qrc;*</Extensions>
      <ParseFiles>false</ParseFiles>
    </Filter>
    <Filter Include="Generated Files">
      <UniqueIdentifier>{71ED8ED8-ACB9-4CE9-BBE1-E00B30144E11}</UniqueIdentifier>
      <Extensions>moc;h;cpp</Extensions>
      <SourceControlFiles>False</SourceControlFiles>
    </Filter>
    <Filter Include="Generated Files\Debug">
      <UniqueIdentifier>{7c42bde2-3103-44e1-9202-2be1a113ce86}</UniqueIdentifier>
      <Extensions>cpp;moc</Extensions>
      <SourceControlFiles>False</SourceControlFiles>
    </Filter>
    <Filter Include="Generated Files\Release">
      <UniqueIdentifier>{30484f4b-be26-489b-90f7-4788fd363856}</UniqueIdentifier>
      <Extensions>cpp;moc</Extensions>
      <SourceControlFiles>False</SourceControlFiles>
    </Filter>
    <Filter Include="3rdPartyXml">
      <UniqueIdentifier>{2cd41e40-a507-478c-969b-fb85c82bce3d}</UniqueIdentifier>
    </Filter>
    <Filter Include="Header Files\View">
      <UniqueIdentifier>{971f8628-7239-4954-a45d-c100647f4b66}</UniqueIdentifier>
    </Filter>
    <Filter Include="Header Files\Model">
      <UniqueIdentifier>{931e3762-4c91-4700-b171-27874b8349b1}</UniqueIdentifier>
    </Filter>
    <Filter Include="Source Files\View">
      <UniqueIdentifier>{55d771ed-abaf-4313-bb56-48f18a37fef0}</UniqueIdentifier>
    </Filter>
    <Filter Include="Source Files\Model">
      <UniqueIdentifier>{cb90b4be-eb61-4503-92d0-0711274fba94}</UniqueIdentifier>
    </Filter>
    <Filter Include="Header Files\BBWidgets">
      <UniqueIdentifier>{58df6f21-71a5-4076-bc34-e1fcb53434e6}</UniqueIdentifier>
    </Filter>
    <Filter Include="Source Files\BBWidgets">
      <UniqueIdentifier>{9326a69b-c129-4156-b029-e31367f93a0c}</UniqueIdentifier>
    </Filter>
  </ItemGroup>
  <ItemGroup>
    <ClCompile Include="main.cpp">
      <Filter>Source Files</Filter>
    </ClCompile>
    <ClCompile Include="GeneratedFiles\qrc_MainWindow.cpp">
      <Filter>Generated Files</Filter>
    </ClCompile>
    <ClCompile Include="3rdPartyXml\tinyxml2.cpp">
      <Filter>3rdPartyXml</Filter>
    </ClCompile>
    <ClCompile Include="modSkill.cpp">
      <Filter>Source Files\Model</Filter>
    </ClCompile>
    <ClCompile Include="modSkillManager.cpp">
      <Filter>Source Files\Model</Filter>
    </ClCompile>
    <ClCompile Include="GeneratedFiles\Debug\moc_vieAdventureRecordWidget.cpp">
      <Filter>Generated Files\Debug</Filter>
    </ClCompile>
    <ClCompile Include="GeneratedFiles\Release\moc_vieAdventureRecordWidget.cpp">
      <Filter>Generated Files\Release</Filter>
    </ClCompile>
    <ClCompile Include="vieAdventureRecordWidget.cpp">
      <Filter>Source Files\View</Filter>
    </ClCompile>
    <ClCompile Include="GeneratedFiles\Debug\moc_vieAdventureRecordWindow.cpp">
      <Filter>Generated Files\Debug</Filter>
    </ClCompile>
    <ClCompile Include="GeneratedFiles\Release\moc_vieAdventureRecordWindow.cpp">
      <Filter>Generated Files\Release</Filter>
    </ClCompile>
    <ClCompile Include="vieAdventureRecordWindow.cpp">
      <Filter>Source Files\View</Filter>
    </ClCompile>
    <ClCompile Include="GeneratedFiles\Debug\moc_vieSkillWidget.cpp">
      <Filter>Generated Files\Debug</Filter>
    </ClCompile>
    <ClCompile Include="GeneratedFiles\Release\moc_vieSkillWidget.cpp">
      <Filter>Generated Files\Release</Filter>
    </ClCompile>
    <ClCompile Include="vieSkillWidget.cpp">
      <Filter>Source Files\View</Filter>
    </ClCompile>
    <ClCompile Include="GeneratedFiles\Debug\moc_vieSkillWindow.cpp">
      <Filter>Generated Files\Debug</Filter>
    </ClCompile>
    <ClCompile Include="GeneratedFiles\Release\moc_vieSkillWindow.cpp">
      <Filter>Generated Files\Release</Filter>
    </ClCompile>
    <ClCompile Include="vieSkillWindow.cpp">
      <Filter>Source Files\View</Filter>
    </ClCompile>
    <ClCompile Include="GeneratedFiles\Debug\moc_vieMainWindow.cpp">
      <Filter>Generated Files\Debug</Filter>
    </ClCompile>
    <ClCompile Include="GeneratedFiles\Release\moc_vieMainWindow.cpp">
      <Filter>Generated Files\Release</Filter>
    </ClCompile>
    <ClCompile Include="vieMainWindow.cpp">
      <Filter>Source Files\View</Filter>
    </ClCompile>
    <ClCompile Include="modAdventureRecord.cpp">
      <Filter>Source Files\Model</Filter>
    </ClCompile>
    <ClCompile Include="modAdventureRecordManager.cpp">
      <Filter>Source Files\Model</Filter>
    </ClCompile>
    <ClCompile Include="modCharacter.cpp">
      <Filter>Source Files\Model</Filter>
    </ClCompile>
    <ClCompile Include="GeneratedFiles\Debug\moc_vieCharacterWindow.cpp">
      <Filter>Generated Files\Debug</Filter>
    </ClCompile>
    <ClCompile Include="GeneratedFiles\Release\moc_vieCharacterWindow.cpp">
      <Filter>Generated Files\Release</Filter>
    </ClCompile>
    <ClCompile Include="vieCharacterWindow.cpp">
      <Filter>Source Files\View</Filter>
    </ClCompile>
    <ClCompile Include="modState.cpp">
      <Filter>Source Files\Model</Filter>
    </ClCompile>
    <ClCompile Include="GeneratedFiles\Debug\moc_vieCharacterDetailsWindow.cpp">
      <Filter>Generated Files\Debug</Filter>
    </ClCompile>
    <ClCompile Include="GeneratedFiles\Release\moc_vieCharacterDetailsWindow.cpp">
      <Filter>Generated Files\Release</Filter>
    </ClCompile>
    <ClCompile Include="vieCharacterDetailsWindow.cpp">
      <Filter>Source Files\View</Filter>
    </ClCompile>
    <ClCompile Include="modCharacterDetails.cpp">
      <Filter>Source Files\Model</Filter>
    </ClCompile>
    <ClCompile Include="modSkillCost.cpp">
      <Filter>Source Files\Model</Filter>
    </ClCompile>
    <ClCompile Include="modRaceCost.cpp">
      <Filter>Source Files\Model</Filter>
    </ClCompile>
    <ClCompile Include="GeneratedFiles\Debug\moc_vieBBLifeWidget.cpp">
      <Filter>Generated Files\Debug</Filter>
    </ClCompile>
    <ClCompile Include="GeneratedFiles\Release\moc_vieBBLifeWidget.cpp">
      <Filter>Generated Files\Release</Filter>
    </ClCompile>
    <ClCompile Include="GeneratedFiles\Debug\moc_vieBBPowerWidget.cpp">
      <Filter>Generated Files\Debug</Filter>
    </ClCompile>
    <ClCompile Include="GeneratedFiles\Release\moc_vieBBPowerWidget.cpp">
      <Filter>Generated Files\Release</Filter>
    </ClCompile>
    <ClCompile Include="GeneratedFiles\Debug\moc_vieBBSkillsWidget.cpp">
      <Filter>Generated Files\Debug</Filter>
    </ClCompile>
    <ClCompile Include="GeneratedFiles\Release\moc_vieBBSkillsWidget.cpp">
      <Filter>Generated Files\Release</Filter>
    </ClCompile>
    <ClCompile Include="GeneratedFiles\Debug\moc_vieBBMagicWidget.cpp">
      <Filter>Generated Files\Debug</Filter>
    </ClCompile>
    <ClCompile Include="GeneratedFiles\Release\moc_vieBBMagicWidget.cpp">
      <Filter>Generated Files\Release</Filter>
    </ClCompile>
    <ClCompile Include="GeneratedFiles\Debug\moc_vieEquipmentWidget.cpp">
      <Filter>Generated Files\Debug</Filter>
    </ClCompile>
    <ClCompile Include="GeneratedFiles\Release\moc_vieEquipmentWidget.cpp">
      <Filter>Generated Files\Release</Filter>
    </ClCompile>
    <ClCompile Include="GeneratedFiles\Debug\moc_vieBBLineWidget.cpp">
      <Filter>Generated Files\Debug</Filter>
    </ClCompile>
    <ClCompile Include="GeneratedFiles\Release\moc_vieBBLineWidget.cpp">
      <Filter>Generated Files\Release</Filter>
    </ClCompile>
    <ClCompile Include="vieBBLifeWidget.cpp">
      <Filter>Source Files\BBWidgets</Filter>
    </ClCompile>
    <ClCompile Include="vieBBLineWidget.cpp">
      <Filter>Source Files\BBWidgets</Filter>
    </ClCompile>
    <ClCompile Include="vieBBMagicWidget.cpp">
      <Filter>Source Files\BBWidgets</Filter>
    </ClCompile>
    <ClCompile Include="vieBBPowerWidget.cpp">
      <Filter>Source Files\BBWidgets</Filter>
    </ClCompile>
    <ClCompile Include="vieBBSkillsWidget.cpp">
      <Filter>Source Files\BBWidgets</Filter>
    </ClCompile>
    <ClCompile Include="vieEquipmentWidget.cpp">
      <Filter>Source Files\BBWidgets</Filter>
    </ClCompile>
    <ClCompile Include="modCharacterDetailsEnum.cpp">
      <Filter>Source Files\Model</Filter>
    </ClCompile>
    <ClCompile Include="modMagicManager.cpp">
      <Filter>Source Files\Model</Filter>
    </ClCompile>
    <ClCompile Include="GeneratedFiles\Debug\moc_vieBBSpellSlotWidget.cpp">
      <Filter>Generated Files\Debug</Filter>
    </ClCompile>
    <ClCompile Include="GeneratedFiles\Release\moc_vieBBSpellSlotWidget.cpp">
      <Filter>Generated Files\Release</Filter>
    </ClCompile>
    <ClCompile Include="vieBBSpellSlotWidget.cpp">
      <Filter>Source Files\BBWidgets</Filter>
    </ClCompile>
    <ClCompile Include="modPowerManager.cpp">
      <Filter>Source Files\Model</Filter>
    </ClCompile>
    <ClCompile Include="modArmourManager.cpp">
      <Filter>Source Files\Model</Filter>
    </ClCompile>
    <ClCompile Include="GeneratedFiles\Debug\moc_vieArmourWindow.cpp">
      <Filter>Generated Files\Debug</Filter>
    </ClCompile>
    <ClCompile Include="GeneratedFiles\Release\moc_vieArmourWindow.cpp">
      <Filter>Generated Files\Release</Filter>
    </ClCompile>
    <ClCompile Include="vieArmourWindow.cpp">
      <Filter>Source Files\View</Filter>
    </ClCompile>
    <ClCompile Include="GeneratedFiles\Debug\moc_vieBBArmourWidget.cpp">
      <Filter>Generated Files\Debug</Filter>
    </ClCompile>
    <ClCompile Include="GeneratedFiles\Release\moc_vieBBArmourWidget.cpp">
      <Filter>Generated Files\Release</Filter>
    </ClCompile>
    <ClCompile Include="vieBBArmourWidget.cpp">
      <Filter>Source Files\BBWidgets</Filter>
    </ClCompile>
    <ClCompile Include="GeneratedFiles\Debug\moc_vieBBArmourSourceWidget.cpp">
      <Filter>Generated Files\Debug</Filter>
    </ClCompile>
    <ClCompile Include="GeneratedFiles\Release\moc_vieBBArmourSourceWidget.cpp">
      <Filter>Generated Files\Release</Filter>
    </ClCompile>
    <ClCompile Include="modArmourSource.cpp">
      <Filter>Source Files\Model</Filter>
    </ClCompile>
    <ClCompile Include="vieBBArmourSourceWidget.cpp">
      <Filter>Source Files\BBWidgets</Filter>
    </ClCompile>
    <ClCompile Include="modAbilityManager.cpp">
      <Filter>Source Files\Model</Filter>
    </ClCompile>
    <ClCompile Include="modAbility.cpp">
      <Filter>Source Files\Model</Filter>
    </ClCompile>
    <ClCompile Include="GeneratedFiles\Debug\moc_vieAbilityWindow.cpp">
      <Filter>Generated Files\Debug</Filter>
    </ClCompile>
    <ClCompile Include="GeneratedFiles\Release\moc_vieAbilityWindow.cpp">
      <Filter>Generated Files\Release</Filter>
    </ClCompile>
    <ClCompile Include="vieAbilityWindow.cpp">
      <Filter>Source Files\View</Filter>
    </ClCompile>
    <ClCompile Include="GeneratedFiles\Debug\moc_vieAbilityWidget.cpp">
      <Filter>Generated Files\Debug</Filter>
    </ClCompile>
    <ClCompile Include="GeneratedFiles\Release\moc_vieAbilityWidget.cpp">
      <Filter>Generated Files\Release</Filter>
    </ClCompile>
    <ClCompile Include="vieAbilityWidget.cpp">
      <Filter>Source Files\View</Filter>
    </ClCompile>
    <ClCompile Include="GeneratedFiles\Debug\moc_vieBBAbilityWidget.cpp">
      <Filter>Generated Files\Debug</Filter>
    </ClCompile>
    <ClCompile Include="GeneratedFiles\Release\moc_vieBBAbilityWidget.cpp">
      <Filter>Generated Files\Release</Filter>
    </ClCompile>
    <ClCompile Include="vieBBAbilityWidget.cpp">
      <Filter>Source Files</Filter>
    </ClCompile>
    <ClCompile Include="GeneratedFiles\Debug\moc_vieBBAbilityDisplayWidget.cpp">
      <Filter>Generated Files\Debug</Filter>
    </ClCompile>
    <ClCompile Include="GeneratedFiles\Release\moc_vieBBAbilityDisplayWidget.cpp">
      <Filter>Generated Files\Release</Filter>
    </ClCompile>
    <ClCompile Include="vieBBAbilityDisplayWidget.cpp">
      <Filter>Source Files</Filter>
    </ClCompile>
  </ItemGroup>
  <ItemGroup>
    <CustomBuild Include="MainWindow.qrc">
      <Filter>Resource Files</Filter>
    </CustomBuild>
    <CustomBuild Include="vieAdventureRecordWidget.h">
      <Filter>Header Files\View</Filter>
    </CustomBuild>
    <CustomBuild Include="vieAdventureRecordWidget.ui">
      <Filter>Form Files</Filter>
    </CustomBuild>
    <CustomBuild Include="vieAdventureRecordWindow.h">
      <Filter>Header Files\View</Filter>
    </CustomBuild>
    <CustomBuild Include="vieMainWindow.ui">
      <Filter>Form Files</Filter>
    </CustomBuild>
    <CustomBuild Include="vieAdventureRecordWindow.ui">
      <Filter>Form Files</Filter>
    </CustomBuild>
    <CustomBuild Include="vieSkillWidget.ui">
      <Filter>Form Files</Filter>
    </CustomBuild>
    <CustomBuild Include="vieSkillWidget.h">
      <Filter>Header Files\View</Filter>
    </CustomBuild>
    <CustomBuild Include="vieSkillWindow.h">
      <Filter>Header Files\View</Filter>
    </CustomBuild>
    <CustomBuild Include="vieMainWindow.h">
      <Filter>Header Files\View</Filter>
    </CustomBuild>
    <CustomBuild Include="vieSkillWindow.ui">
      <Filter>Form Files</Filter>
    </CustomBuild>
    <CustomBuild Include="vieCharacterWindow.h">
      <Filter>Header Files\View</Filter>
    </CustomBuild>
    <CustomBuild Include="vieCharacterWindow.ui">
      <Filter>Form Files</Filter>
    </CustomBuild>
    <CustomBuild Include="vieSaveWindow.ui">
      <Filter>Form Files</Filter>
    </CustomBuild>
    <CustomBuild Include="vieCharacterDetailsWindow.ui">
      <Filter>Form Files</Filter>
    </CustomBuild>
    <CustomBuild Include="vieCharacterDetailsWindow.h">
      <Filter>Header Files\View</Filter>
    </CustomBuild>
    <CustomBuild Include="vieBBLifeWidget.ui">
      <Filter>Form Files</Filter>
    </CustomBuild>
    <CustomBuild Include="vieBBPowerWidget.ui">
      <Filter>Form Files</Filter>
    </CustomBuild>
    <CustomBuild Include="vieBBSkillsWidget.ui">
      <Filter>Form Files</Filter>
    </CustomBuild>
    <CustomBuild Include="vieBBMagicWidget.ui">
      <Filter>Form Files</Filter>
    </CustomBuild>
    <CustomBuild Include="vieEquipmentWidget.ui">
      <Filter>Form Files</Filter>
    </CustomBuild>
    <CustomBuild Include="vieBBLineWidget.ui">
      <Filter>Form Files</Filter>
    </CustomBuild>
    <CustomBuild Include="vieBBLifeWidget.h">
      <Filter>Header Files\BBWidgets</Filter>
    </CustomBuild>
    <CustomBuild Include="vieBBLineWidget.h">
      <Filter>Header Files\BBWidgets</Filter>
    </CustomBuild>
    <CustomBuild Include="vieBBMagicWidget.h">
      <Filter>Header Files\BBWidgets</Filter>
    </CustomBuild>
    <CustomBuild Include="vieBBPowerWidget.h">
      <Filter>Header Files\BBWidgets</Filter>
    </CustomBuild>
    <CustomBuild Include="vieBBSkillsWidget.h">
      <Filter>Header Files\BBWidgets</Filter>
    </CustomBuild>
    <CustomBuild Include="vieEquipmentWidget.h">
      <Filter>Header Files\BBWidgets</Filter>
    </CustomBuild>
    <CustomBuild Include="vieBBSpellSlotWidget.ui">
      <Filter>Form Files</Filter>
    </CustomBuild>
    <CustomBuild Include="vieBBSpellSlotWidget.h">
      <Filter>Header Files\BBWidgets</Filter>
    </CustomBuild>
    <CustomBuild Include="vieArmourWindow.ui">
      <Filter>Form Files</Filter>
    </CustomBuild>
    <CustomBuild Include="vieArmourWindow.h">
      <Filter>Header Files\View</Filter>
    </CustomBuild>
    <CustomBuild Include="vieBBArmourWidget.ui">
      <Filter>Form Files</Filter>
    </CustomBuild>
    <CustomBuild Include="vieBBArmourWidget.h">
      <Filter>Header Files\BBWidgets</Filter>
    </CustomBuild>
    <CustomBuild Include="vieBBArmourSourceWidget.ui">
      <Filter>Form Files</Filter>
    </CustomBuild>
    <CustomBuild Include="vieBBArmourSourceWidget.h">
      <Filter>Header Files\BBWidgets</Filter>
    </CustomBuild>
    <CustomBuild Include="vieAbilityWindow.ui">
      <Filter>Form Files</Filter>
    </CustomBuild>
    <CustomBuild Include="vieAbilityWindow.h">
      <Filter>Header Files\View</Filter>
    </CustomBuild>
    <CustomBuild Include="vieAbilityWidget.ui">
      <Filter>Form Files</Filter>
    </CustomBuild>
    <CustomBuild Include="vieAbilityWidget.h">
      <Filter>Header Files\View</Filter>
    </CustomBuild>
    <CustomBuild Include="vieBBAbilityWidget.ui">
      <Filter>Form Files</Filter>
    </CustomBuild>
    <CustomBuild Include="vieBBAbilityDisplayWidget.ui">
      <Filter>Form Files</Filter>
    </CustomBuild>
    <CustomBuild Include="vieBBAbilityWidget.h">
      <Filter>Header Files\BBWidgets</Filter>
    </CustomBuild>
    <CustomBuild Include="vieBBAbilityDisplayWidget.h">
      <Filter>Header Files\BBWidgets</Filter>
    </CustomBuild>
  </ItemGroup>
  <ItemGroup>
    <ClInclude Include="3rdPartyXml\tinyxml2.h">
      <Filter>3rdPartyXml</Filter>
    </ClInclude>
    <ClInclude Include="modSkill.h">
      <Filter>Header Files\Model</Filter>
    </ClInclude>
    <ClInclude Include="modSkillManager.h">
      <Filter>Header Files\Model</Filter>
    </ClInclude>
    <ClInclude Include="GeneratedFiles\ui_vieAdventureRecordWidget.h">
      <Filter>Generated Files</Filter>
    </ClInclude>
    <ClInclude Include="GeneratedFiles\ui_vieSkillWindow.h">
      <Filter>Generated Files</Filter>
    </ClInclude>
    <ClInclude Include="modAdventureRecord.h">
      <Filter>Header Files\Model</Filter>
    </ClInclude>
    <ClInclude Include="modAdventureRecordManager.h">
      <Filter>Header Files\Model</Filter>
    </ClInclude>
    <ClInclude Include="modCharacter.h">
      <Filter>Header Files\Model</Filter>
    </ClInclude>
    <ClInclude Include="GeneratedFiles\ui_vieAdventureRecordWindow.h">
      <Filter>Generated Files</Filter>
    </ClInclude>
    <ClInclude Include="GeneratedFiles\ui_vieMainWindow.h">
      <Filter>Generated Files</Filter>
    </ClInclude>
    <ClInclude Include="GeneratedFiles\ui_vieSkillWidget.h">
      <Filter>Generated Files</Filter>
    </ClInclude>
    <ClInclude Include="GeneratedFiles\ui_vieCharacterWindow.h">
      <Filter>Generated Files</Filter>
    </ClInclude>
    <ClInclude Include="GeneratedFiles\ui_vieSaveWindow.h">
      <Filter>Generated Files</Filter>
    </ClInclude>
    <ClInclude Include="modState.h">
      <Filter>Header Files\Model</Filter>
    </ClInclude>
    <ClInclude Include="GeneratedFiles\ui_vieCharacterDetailsWindow.h">
      <Filter>Generated Files</Filter>
    </ClInclude>
    <ClInclude Include="modCharacterDetails.h">
      <Filter>Header Files\Model</Filter>
    </ClInclude>
    <ClInclude Include="modSkillCost.h">
      <Filter>Header Files\Model</Filter>
    </ClInclude>
    <ClInclude Include="modRaceCost.h">
      <Filter>Header Files\Model</Filter>
    </ClInclude>
    <ClInclude Include="modCharacterDetailsEnum.h">
      <Filter>Header Files\Model</Filter>
    </ClInclude>
    <ClInclude Include="GeneratedFiles\ui_vieBBLifeWidget.h">
      <Filter>Generated Files</Filter>
    </ClInclude>
    <ClInclude Include="GeneratedFiles\ui_vieBBPowerWidget.h">
      <Filter>Generated Files</Filter>
    </ClInclude>
    <ClInclude Include="GeneratedFiles\ui_vieBBSkillsWidget.h">
      <Filter>Generated Files</Filter>
    </ClInclude>
    <ClInclude Include="GeneratedFiles\ui_vieBBMagicWidget.h">
      <Filter>Generated Files</Filter>
    </ClInclude>
    <ClInclude Include="GeneratedFiles\ui_vieEquipmentWidget.h">
      <Filter>Generated Files</Filter>
    </ClInclude>
    <ClInclude Include="GeneratedFiles\ui_vieBBLineWidget.h">
      <Filter>Generated Files</Filter>
    </ClInclude>
    <ClInclude Include="modMagicManager.h">
      <Filter>Header Files\Model</Filter>
    </ClInclude>
    <ClInclude Include="GeneratedFiles\ui_vieBBSpellSlotWidget.h">
      <Filter>Generated Files</Filter>
    </ClInclude>
    <ClInclude Include="modPowerManager.h">
      <Filter>Header Files\Model</Filter>
    </ClInclude>
    <ClInclude Include="modArmourManager.h">
      <Filter>Header Files\Model</Filter>
    </ClInclude>
    <ClInclude Include="GeneratedFiles\ui_vieArmourWindow.h">
      <Filter>Generated Files</Filter>
    </ClInclude>
    <ClInclude Include="GeneratedFiles\ui_vieBBArmourWidget.h">
      <Filter>Generated Files</Filter>
    </ClInclude>
    <ClInclude Include="GeneratedFiles\ui_vieBBArmourSourceWidget.h">
      <Filter>Generated Files</Filter>
    </ClInclude>
    <ClInclude Include="modArmourSource.h">
      <Filter>Header Files\Model</Filter>
    </ClInclude>
    <ClInclude Include="modAbilityManager.h">
      <Filter>Header Files\Model</Filter>
    </ClInclude>
    <ClInclude Include="modAbility.h">
      <Filter>Header Files\Model</Filter>
    </ClInclude>
    <ClInclude Include="GeneratedFiles\ui_vieAbilityWindow.h">
      <Filter>Generated Files</Filter>
    </ClInclude>
    <ClInclude Include="GeneratedFiles\ui_vieAbilityWidget.h">
      <Filter>Generated Files</Filter>
    </ClInclude>
    <ClInclude Include="GeneratedFiles\ui_vieBBAbilityWidget.h">
      <Filter>Generated Files</Filter>
    </ClInclude>
    <ClInclude Include="GeneratedFiles\ui_vieBBAbilityDisplayWidget.h">
      <Filter>Generated Files</Filter>
    </ClInclude>
  </ItemGroup>
  <ItemGroup>
    <Xml Include="SkillTree.xml">
      <Filter>Resource Files</Filter>
    </Xml>
  </ItemGroup>
</Project>